// !$*UTF8*$!
{
	archiveVersion = 1;
	classes = {
	};
	objectVersion = 46;
	objects = {

/* Begin PBXBuildFile section */
		88A73DF91C31E65A0013FED2 /* AppDelegate.swift in Sources */ = {isa = PBXBuildFile; fileRef = 88A73DF81C31E65A0013FED2 /* AppDelegate.swift */; };
		88A73DFB1C31E65A0013FED2 /* ViewController.swift in Sources */ = {isa = PBXBuildFile; fileRef = 88A73DFA1C31E65A0013FED2 /* ViewController.swift */; };
		88A73DFE1C31E65A0013FED2 /* Main.storyboard in Resources */ = {isa = PBXBuildFile; fileRef = 88A73DFC1C31E65A0013FED2 /* Main.storyboard */; };
		88A73E001C31E65A0013FED2 /* Assets.xcassets in Resources */ = {isa = PBXBuildFile; fileRef = 88A73DFF1C31E65A0013FED2 /* Assets.xcassets */; };
		88A73E031C31E65A0013FED2 /* LaunchScreen.storyboard in Resources */ = {isa = PBXBuildFile; fileRef = 88A73E011C31E65A0013FED2 /* LaunchScreen.storyboard */; };
		88A73E0E1C31E65A0013FED2 /* AutotuneTests.swift in Sources */ = {isa = PBXBuildFile; fileRef = 88A73E0D1C31E65A0013FED2 /* AutotuneTests.swift */; };
		88A73E191C31E65A0013FED2 /* AutotuneUITests.swift in Sources */ = {isa = PBXBuildFile; fileRef = 88A73E181C31E65A0013FED2 /* AutotuneUITests.swift */; };
		88A73E271C31E7370013FED2 /* AVFoundation.framework in Frameworks */ = {isa = PBXBuildFile; fileRef = 88A73E261C31E7370013FED2 /* AVFoundation.framework */; };
/* End PBXBuildFile section */

/* Begin PBXContainerItemProxy section */
		88A73E0A1C31E65A0013FED2 /* PBXContainerItemProxy */ = {
			isa = PBXContainerItemProxy;
			containerPortal = 88A73DED1C31E6590013FED2 /* Project object */;
			proxyType = 1;
			remoteGlobalIDString = 88A73DF41C31E65A0013FED2;
			remoteInfo = Autotune;
		};
		88A73E151C31E65A0013FED2 /* PBXContainerItemProxy */ = {
			isa = PBXContainerItemProxy;
			containerPortal = 88A73DED1C31E6590013FED2 /* Project object */;
			proxyType = 1;
			remoteGlobalIDString = 88A73DF41C31E65A0013FED2;
			remoteInfo = Autotune;
		};
/* End PBXContainerItemProxy section */

/* Begin PBXFileReference section */
		88A73DF51C31E65A0013FED2 /* Autotune.app */ = {isa = PBXFileReference; explicitFileType = wrapper.application; includeInIndex = 0; path = Autotune.app; sourceTree = BUILT_PRODUCTS_DIR; };
		88A73DF81C31E65A0013FED2 /* AppDelegate.swift */ = {isa = PBXFileReference; lastKnownFileType = sourcecode.swift; path = AppDelegate.swift; sourceTree = "<group>"; };
		88A73DFA1C31E65A0013FED2 /* ViewController.swift */ = {isa = PBXFileReference; lastKnownFileType = sourcecode.swift; path = ViewController.swift; sourceTree = "<group>"; };
		88A73DFD1C31E65A0013FED2 /* Base */ = {isa = PBXFileReference; lastKnownFileType = file.storyboard; name = Base; path = Base.lproj/Main.storyboard; sourceTree = "<group>"; };
		88A73DFF1C31E65A0013FED2 /* Assets.xcassets */ = {isa = PBXFileReference; lastKnownFileType = folder.assetcatalog; path = Assets.xcassets; sourceTree = "<group>"; };
		88A73E021C31E65A0013FED2 /* Base */ = {isa = PBXFileReference; lastKnownFileType = file.storyboard; name = Base; path = Base.lproj/LaunchScreen.storyboard; sourceTree = "<group>"; };
		88A73E041C31E65A0013FED2 /* Info.plist */ = {isa = PBXFileReference; lastKnownFileType = text.plist.xml; path = Info.plist; sourceTree = "<group>"; };
		88A73E091C31E65A0013FED2 /* AutotuneTests.xctest */ = {isa = PBXFileReference; explicitFileType = wrapper.cfbundle; includeInIndex = 0; path = AutotuneTests.xctest; sourceTree = BUILT_PRODUCTS_DIR; };
		88A73E0D1C31E65A0013FED2 /* AutotuneTests.swift */ = {isa = PBXFileReference; lastKnownFileType = sourcecode.swift; path = AutotuneTests.swift; sourceTree = "<group>"; };
		88A73E0F1C31E65A0013FED2 /* Info.plist */ = {isa = PBXFileReference; lastKnownFileType = text.plist.xml; path = Info.plist; sourceTree = "<group>"; };
		88A73E141C31E65A0013FED2 /* AutotuneUITests.xctest */ = {isa = PBXFileReference; explicitFileType = wrapper.cfbundle; includeInIndex = 0; path = AutotuneUITests.xctest; sourceTree = BUILT_PRODUCTS_DIR; };
		88A73E181C31E65A0013FED2 /* AutotuneUITests.swift */ = {isa = PBXFileReference; lastKnownFileType = sourcecode.swift; path = AutotuneUITests.swift; sourceTree = "<group>"; };
		88A73E1A1C31E65A0013FED2 /* Info.plist */ = {isa = PBXFileReference; lastKnownFileType = text.plist.xml; path = Info.plist; sourceTree = "<group>"; };
		88A73E261C31E7370013FED2 /* AVFoundation.framework */ = {isa = PBXFileReference; lastKnownFileType = wrapper.framework; name = AVFoundation.framework; path = System/Library/Frameworks/AVFoundation.framework; sourceTree = SDKROOT; };
/* End PBXFileReference section */

/* Begin PBXFrameworksBuildPhase section */
		88A73DF21C31E65A0013FED2 /* Frameworks */ = {
			isa = PBXFrameworksBuildPhase;
			buildActionMask = 2147483647;
			files = (
				88A73E271C31E7370013FED2 /* AVFoundation.framework in Frameworks */,
			);
			runOnlyForDeploymentPostprocessing = 0;
		};
		88A73E061C31E65A0013FED2 /* Frameworks */ = {
			isa = PBXFrameworksBuildPhase;
			buildActionMask = 2147483647;
			files = (
			);
			runOnlyForDeploymentPostprocessing = 0;
		};
		88A73E111C31E65A0013FED2 /* Frameworks */ = {
			isa = PBXFrameworksBuildPhase;
			buildActionMask = 2147483647;
			files = (
			);
			runOnlyForDeploymentPostprocessing = 0;
		};
/* End PBXFrameworksBuildPhase section */

/* Begin PBXGroup section */
		88A73DEC1C31E6590013FED2 = {
			isa = PBXGroup;
			children = (
				88A73E261C31E7370013FED2 /* AVFoundation.framework */,
				88A73DF71C31E65A0013FED2 /* Autotune */,
				88A73E0C1C31E65A0013FED2 /* AutotuneTests */,
				88A73E171C31E65A0013FED2 /* AutotuneUITests */,
				88A73DF61C31E65A0013FED2 /* Products */,
			);
			sourceTree = "<group>";
		};
		88A73DF61C31E65A0013FED2 /* Products */ = {
			isa = PBXGroup;
			children = (
				88A73DF51C31E65A0013FED2 /* Autotune.app */,
				88A73E091C31E65A0013FED2 /* AutotuneTests.xctest */,
				88A73E141C31E65A0013FED2 /* AutotuneUITests.xctest */,
			);
			name = Products;
			sourceTree = "<group>";
		};
		88A73DF71C31E65A0013FED2 /* Autotune */ = {
			isa = PBXGroup;
			children = (
				88A73DF81C31E65A0013FED2 /* AppDelegate.swift */,
				88A73DFA1C31E65A0013FED2 /* ViewController.swift */,
				88A73DFC1C31E65A0013FED2 /* Main.storyboard */,
				88A73DFF1C31E65A0013FED2 /* Assets.xcassets */,
				88A73E011C31E65A0013FED2 /* LaunchScreen.storyboard */,
				88A73E041C31E65A0013FED2 /* Info.plist */,
			);
			path = Autotune;
			sourceTree = "<group>";
		};
		88A73E0C1C31E65A0013FED2 /* AutotuneTests */ = {
			isa = PBXGroup;
			children = (
				88A73E0D1C31E65A0013FED2 /* AutotuneTests.swift */,
				88A73E0F1C31E65A0013FED2 /* Info.plist */,
			);
			path = AutotuneTests;
			sourceTree = "<group>";
		};
		88A73E171C31E65A0013FED2 /* AutotuneUITests */ = {
			isa = PBXGroup;
			children = (
				88A73E181C31E65A0013FED2 /* AutotuneUITests.swift */,
				88A73E1A1C31E65A0013FED2 /* Info.plist */,
			);
			path = AutotuneUITests;
			sourceTree = "<group>";
		};
/* End PBXGroup section */

/* Begin PBXNativeTarget section */
		88A73DF41C31E65A0013FED2 /* Autotune */ = {
			isa = PBXNativeTarget;
			buildConfigurationList = 88A73E1D1C31E65A0013FED2 /* Build configuration list for PBXNativeTarget "Autotune" */;
			buildPhases = (
				88A73DF11C31E65A0013FED2 /* Sources */,
				88A73DF21C31E65A0013FED2 /* Frameworks */,
				88A73DF31C31E65A0013FED2 /* Resources */,
			);
			buildRules = (
			);
			dependencies = (
			);
			name = Autotune;
			productName = Autotune;
			productReference = 88A73DF51C31E65A0013FED2 /* Autotune.app */;
			productType = "com.apple.product-type.application";
		};
		88A73E081C31E65A0013FED2 /* AutotuneTests */ = {
			isa = PBXNativeTarget;
			buildConfigurationList = 88A73E201C31E65A0013FED2 /* Build configuration list for PBXNativeTarget "AutotuneTests" */;
			buildPhases = (
				88A73E051C31E65A0013FED2 /* Sources */,
				88A73E061C31E65A0013FED2 /* Frameworks */,
				88A73E071C31E65A0013FED2 /* Resources */,
			);
			buildRules = (
			);
			dependencies = (
				88A73E0B1C31E65A0013FED2 /* PBXTargetDependency */,
			);
			name = AutotuneTests;
			productName = AutotuneTests;
			productReference = 88A73E091C31E65A0013FED2 /* AutotuneTests.xctest */;
			productType = "com.apple.product-type.bundle.unit-test";
		};
		88A73E131C31E65A0013FED2 /* AutotuneUITests */ = {
			isa = PBXNativeTarget;
			buildConfigurationList = 88A73E231C31E65A0013FED2 /* Build configuration list for PBXNativeTarget "AutotuneUITests" */;
			buildPhases = (
				88A73E101C31E65A0013FED2 /* Sources */,
				88A73E111C31E65A0013FED2 /* Frameworks */,
				88A73E121C31E65A0013FED2 /* Resources */,
			);
			buildRules = (
			);
			dependencies = (
				88A73E161C31E65A0013FED2 /* PBXTargetDependency */,
			);
			name = AutotuneUITests;
			productName = AutotuneUITests;
			productReference = 88A73E141C31E65A0013FED2 /* AutotuneUITests.xctest */;
			productType = "com.apple.product-type.bundle.ui-testing";
		};
/* End PBXNativeTarget section */

/* Begin PBXProject section */
		88A73DED1C31E6590013FED2 /* Project object */ = {
			isa = PBXProject;
			attributes = {
				LastUpgradeCheck = 0700;
				ORGANIZATIONNAME = Hippololamus;
				TargetAttributes = {
					88A73DF41C31E65A0013FED2 = {
						CreatedOnToolsVersion = 7.0.1;
						DevelopmentTeam = 328E34DJVJ;
					};
					88A73E081C31E65A0013FED2 = {
						CreatedOnToolsVersion = 7.0.1;
						DevelopmentTeam = 328E34DJVJ;
						TestTargetID = 88A73DF41C31E65A0013FED2;
					};
					88A73E131C31E65A0013FED2 = {
						CreatedOnToolsVersion = 7.0.1;
						DevelopmentTeam = 328E34DJVJ;
						TestTargetID = 88A73DF41C31E65A0013FED2;
					};
				};
			};
			buildConfigurationList = 88A73DF01C31E6590013FED2 /* Build configuration list for PBXProject "Autotune" */;
			compatibilityVersion = "Xcode 3.2";
			developmentRegion = English;
			hasScannedForEncodings = 0;
			knownRegions = (
				en,
				Base,
			);
			mainGroup = 88A73DEC1C31E6590013FED2;
			productRefGroup = 88A73DF61C31E65A0013FED2 /* Products */;
			projectDirPath = "";
			projectRoot = "";
			targets = (
				88A73DF41C31E65A0013FED2 /* Autotune */,
				88A73E081C31E65A0013FED2 /* AutotuneTests */,
				88A73E131C31E65A0013FED2 /* AutotuneUITests */,
			);
		};
/* End PBXProject section */

/* Begin PBXResourcesBuildPhase section */
		88A73DF31C31E65A0013FED2 /* Resources */ = {
			isa = PBXResourcesBuildPhase;
			buildActionMask = 2147483647;
			files = (
				88A73E031C31E65A0013FED2 /* LaunchScreen.storyboard in Resources */,
				88A73E001C31E65A0013FED2 /* Assets.xcassets in Resources */,
				88A73DFE1C31E65A0013FED2 /* Main.storyboard in Resources */,
			);
			runOnlyForDeploymentPostprocessing = 0;
		};
		88A73E071C31E65A0013FED2 /* Resources */ = {
			isa = PBXResourcesBuildPhase;
			buildActionMask = 2147483647;
			files = (
			);
			runOnlyForDeploymentPostprocessing = 0;
		};
		88A73E121C31E65A0013FED2 /* Resources */ = {
			isa = PBXResourcesBuildPhase;
			buildActionMask = 2147483647;
			files = (
			);
			runOnlyForDeploymentPostprocessing = 0;
		};
/* End PBXResourcesBuildPhase section */

/* Begin PBXSourcesBuildPhase section */
		88A73DF11C31E65A0013FED2 /* Sources */ = {
			isa = PBXSourcesBuildPhase;
			buildActionMask = 2147483647;
			files = (
				88A73DFB1C31E65A0013FED2 /* ViewController.swift in Sources */,
				88A73DF91C31E65A0013FED2 /* AppDelegate.swift in Sources */,
			);
			runOnlyForDeploymentPostprocessing = 0;
		};
		88A73E051C31E65A0013FED2 /* Sources */ = {
			isa = PBXSourcesBuildPhase;
			buildActionMask = 2147483647;
			files = (
				88A73E0E1C31E65A0013FED2 /* AutotuneTests.swift in Sources */,
			);
			runOnlyForDeploymentPostprocessing = 0;
		};
		88A73E101C31E65A0013FED2 /* Sources */ = {
			isa = PBXSourcesBuildPhase;
			buildActionMask = 2147483647;
			files = (
				88A73E191C31E65A0013FED2 /* AutotuneUITests.swift in Sources */,
			);
			runOnlyForDeploymentPostprocessing = 0;
		};
/* End PBXSourcesBuildPhase section */

/* Begin PBXTargetDependency section */
		88A73E0B1C31E65A0013FED2 /* PBXTargetDependency */ = {
			isa = PBXTargetDependency;
			target = 88A73DF41C31E65A0013FED2 /* Autotune */;
			targetProxy = 88A73E0A1C31E65A0013FED2 /* PBXContainerItemProxy */;
		};
		88A73E161C31E65A0013FED2 /* PBXTargetDependency */ = {
			isa = PBXTargetDependency;
			target = 88A73DF41C31E65A0013FED2 /* Autotune */;
			targetProxy = 88A73E151C31E65A0013FED2 /* PBXContainerItemProxy */;
		};
/* End PBXTargetDependency section */

/* Begin PBXVariantGroup section */
		88A73DFC1C31E65A0013FED2 /* Main.storyboard */ = {
			isa = PBXVariantGroup;
			children = (
				88A73DFD1C31E65A0013FED2 /* Base */,
			);
			name = Main.storyboard;
			sourceTree = "<group>";
		};
		88A73E011C31E65A0013FED2 /* LaunchScreen.storyboard */ = {
			isa = PBXVariantGroup;
			children = (
				88A73E021C31E65A0013FED2 /* Base */,
			);
			name = LaunchScreen.storyboard;
			sourceTree = "<group>";
		};
/* End PBXVariantGroup section */

/* Begin XCBuildConfiguration section */
		88A73E1B1C31E65A0013FED2 /* Debug */ = {
			isa = XCBuildConfiguration;
			buildSettings = {
				ALWAYS_SEARCH_USER_PATHS = NO;
				CLANG_CXX_LANGUAGE_STANDARD = "gnu++0x";
				CLANG_CXX_LIBRARY = "libc++";
				CLANG_ENABLE_MODULES = YES;
				CLANG_ENABLE_OBJC_ARC = YES;
				CLANG_WARN_BOOL_CONVERSION = YES;
				CLANG_WARN_CONSTANT_CONVERSION = YES;
				CLANG_WARN_DIRECT_OBJC_ISA_USAGE = YES_ERROR;
				CLANG_WARN_EMPTY_BODY = YES;
				CLANG_WARN_ENUM_CONVERSION = YES;
				CLANG_WARN_INT_CONVERSION = YES;
				CLANG_WARN_OBJC_ROOT_CLASS = YES_ERROR;
				CLANG_WARN_UNREACHABLE_CODE = YES;
				CLANG_WARN__DUPLICATE_METHOD_MATCH = YES;
				"CODE_SIGN_IDENTITY[sdk=iphoneos*]" = "iPhone Developer";
				COPY_PHASE_STRIP = NO;
				DEBUG_INFORMATION_FORMAT = dwarf;
				ENABLE_STRICT_OBJC_MSGSEND = YES;
				ENABLE_TESTABILITY = YES;
				GCC_C_LANGUAGE_STANDARD = gnu99;
				GCC_DYNAMIC_NO_PIC = NO;
				GCC_NO_COMMON_BLOCKS = YES;
				GCC_OPTIMIZATION_LEVEL = 0;
				GCC_PREPROCESSOR_DEFINITIONS = (
					"DEBUG=1",
					"$(inherited)",
				);
				GCC_WARN_64_TO_32_BIT_CONVERSION = YES;
				GCC_WARN_ABOUT_RETURN_TYPE = YES_ERROR;
				GCC_WARN_UNDECLARED_SELECTOR = YES;
				GCC_WARN_UNINITIALIZED_AUTOS = YES_AGGRESSIVE;
				GCC_WARN_UNUSED_FUNCTION = YES;
				GCC_WARN_UNUSED_VARIABLE = YES;
				IPHONEOS_DEPLOYMENT_TARGET = 9.0;
				MTL_ENABLE_DEBUG_INFO = YES;
				ONLY_ACTIVE_ARCH = YES;
				SDKROOT = iphoneos;
				SWIFT_OPTIMIZATION_LEVEL = "-Onone";
				TARGETED_DEVICE_FAMILY = "1,2";
			};
			name = Debug;
		};
		88A73E1C1C31E65A0013FED2 /* Release */ = {
			isa = XCBuildConfiguration;
			buildSettings = {
				ALWAYS_SEARCH_USER_PATHS = NO;
				CLANG_CXX_LANGUAGE_STANDARD = "gnu++0x";
				CLANG_CXX_LIBRARY = "libc++";
				CLANG_ENABLE_MODULES = YES;
				CLANG_ENABLE_OBJC_ARC = YES;
				CLANG_WARN_BOOL_CONVERSION = YES;
				CLANG_WARN_CONSTANT_CONVERSION = YES;
				CLANG_WARN_DIRECT_OBJC_ISA_USAGE = YES_ERROR;
				CLANG_WARN_EMPTY_BODY = YES;
				CLANG_WARN_ENUM_CONVERSION = YES;
				CLANG_WARN_INT_CONVERSION = YES;
				CLANG_WARN_OBJC_ROOT_CLASS = YES_ERROR;
				CLANG_WARN_UNREACHABLE_CODE = YES;
				CLANG_WARN__DUPLICATE_METHOD_MATCH = YES;
				"CODE_SIGN_IDENTITY[sdk=iphoneos*]" = "iPhone Developer";
				COPY_PHASE_STRIP = NO;
				DEBUG_INFORMATION_FORMAT = "dwarf-with-dsym";
				ENABLE_NS_ASSERTIONS = NO;
				ENABLE_STRICT_OBJC_MSGSEND = YES;
				GCC_C_LANGUAGE_STANDARD = gnu99;
				GCC_NO_COMMON_BLOCKS = YES;
				GCC_WARN_64_TO_32_BIT_CONVERSION = YES;
				GCC_WARN_ABOUT_RETURN_TYPE = YES_ERROR;
				GCC_WARN_UNDECLARED_SELECTOR = YES;
				GCC_WARN_UNINITIALIZED_AUTOS = YES_AGGRESSIVE;
				GCC_WARN_UNUSED_FUNCTION = YES;
				GCC_WARN_UNUSED_VARIABLE = YES;
				IPHONEOS_DEPLOYMENT_TARGET = 9.0;
				MTL_ENABLE_DEBUG_INFO = NO;
				SDKROOT = iphoneos;
				TARGETED_DEVICE_FAMILY = "1,2";
				VALIDATE_PRODUCT = YES;
			};
			name = Release;
		};
		88A73E1E1C31E65A0013FED2 /* Debug */ = {
			isa = XCBuildConfiguration;
			buildSettings = {
				ASSETCATALOG_COMPILER_APPICON_NAME = AppIcon;
				INFOPLIST_FILE = Autotune/Info.plist;
				LD_RUNPATH_SEARCH_PATHS = "$(inherited) @executable_path/Frameworks";
				PRODUCT_BUNDLE_IDENTIFIER = com.hippololamus.Autotune;
				PRODUCT_NAME = "$(TARGET_NAME)";
			};
			name = Debug;
		};
		88A73E1F1C31E65A0013FED2 /* Release */ = {
			isa = XCBuildConfiguration;
			buildSettings = {
				ASSETCATALOG_COMPILER_APPICON_NAME = AppIcon;
				INFOPLIST_FILE = Autotune/Info.plist;
				LD_RUNPATH_SEARCH_PATHS = "$(inherited) @executable_path/Frameworks";
				PRODUCT_BUNDLE_IDENTIFIER = com.hippololamus.Autotune;
				PRODUCT_NAME = "$(TARGET_NAME)";
			};
			name = Release;
		};
		88A73E211C31E65A0013FED2 /* Debug */ = {
			isa = XCBuildConfiguration;
			buildSettings = {
				BUNDLE_LOADER = "$(TEST_HOST)";
				INFOPLIST_FILE = AutotuneTests/Info.plist;
				LD_RUNPATH_SEARCH_PATHS = "$(inherited) @executable_path/Frameworks @loader_path/Frameworks";
				PRODUCT_BUNDLE_IDENTIFIER = com.hippololamus.AutotuneTests;
				PRODUCT_NAME = "$(TARGET_NAME)";
				TEST_HOST = "$(BUILT_PRODUCTS_DIR)/Autotune.app/Autotune";
			};
			name = Debug;
		};
		88A73E221C31E65A0013FED2 /* Release */ = {
			isa = XCBuildConfiguration;
			buildSettings = {
				BUNDLE_LOADER = "$(TEST_HOST)";
				INFOPLIST_FILE = AutotuneTests/Info.plist;
				LD_RUNPATH_SEARCH_PATHS = "$(inherited) @executable_path/Frameworks @loader_path/Frameworks";
				PRODUCT_BUNDLE_IDENTIFIER = com.hippololamus.AutotuneTests;
				PRODUCT_NAME = "$(TARGET_NAME)";
				TEST_HOST = "$(BUILT_PRODUCTS_DIR)/Autotune.app/Autotune";
			};
			name = Release;
		};
		88A73E241C31E65A0013FED2 /* Debug */ = {
			isa = XCBuildConfiguration;
			buildSettings = {
				INFOPLIST_FILE = AutotuneUITests/Info.plist;
				LD_RUNPATH_SEARCH_PATHS = "$(inherited) @executable_path/Frameworks @loader_path/Frameworks";
				PRODUCT_BUNDLE_IDENTIFIER = com.hippololamus.AutotuneUITests;
				PRODUCT_NAME = "$(TARGET_NAME)";
				TEST_TARGET_NAME = Autotune;
				USES_XCTRUNNER = YES;
			};
			name = Debug;
		};
		88A73E251C31E65A0013FED2 /* Release */ = {
			isa = XCBuildConfiguration;
			buildSettings = {
				INFOPLIST_FILE = AutotuneUITests/Info.plist;
				LD_RUNPATH_SEARCH_PATHS = "$(inherited) @executable_path/Frameworks @loader_path/Frameworks";
				PRODUCT_BUNDLE_IDENTIFIER = com.hippololamus.AutotuneUITests;
				PRODUCT_NAME = "$(TARGET_NAME)";
				TEST_TARGET_NAME = Autotune;
				USES_XCTRUNNER = YES;
			};
			name = Release;
		};
/* End XCBuildConfiguration section */

/* Begin XCConfigurationList section */
		88A73DF01C31E6590013FED2 /* Build configuration list for PBXProject "Autotune" */ = {
			isa = XCConfigurationList;
			buildConfigurations = (
				88A73E1B1C31E65A0013FED2 /* Debug */,
				88A73E1C1C31E65A0013FED2 /* Release */,
			);
			defaultConfigurationIsVisible = 0;
			defaultConfigurationName = Release;
		};
		88A73E1D1C31E65A0013FED2 /* Build configuration list for PBXNativeTarget "Autotune" */ = {
			isa = XCConfigurationList;
			buildConfigurations = (
				88A73E1E1C31E65A0013FED2 /* Debug */,
				88A73E1F1C31E65A0013FED2 /* Release */,
			);
			defaultConfigurationIsVisible = 0;
		};
		88A73E201C31E65A0013FED2 /* Build configuration list for PBXNativeTarget "AutotuneTests" */ = {
			isa = XCConfigurationList;
			buildConfigurations = (
				88A73E211C31E65A0013FED2 /* Debug */,
				88A73E221C31E65A0013FED2 /* Release */,
			);
			defaultConfigurationIsVisible = 0;
		};
		88A73E231C31E65A0013FED2 /* Build configuration list for PBXNativeTarget "AutotuneUITests" */ = {
			isa = XCConfigurationList;
			buildConfigurations = (
				88A73E241C31E65A0013FED2 /* Debug */,
				88A73E251C31E65A0013FED2 /* Release */,
			);
			defaultConfigurationIsVisible = 0;
		};
/* End XCConfigurationList section */
	};
	rootObject = 88A73DED1C31E6590013FED2 /* Project object */;
}
